
Microsoft Visual Studio Solution File, Format Version 12.00
# Visual Studio Version 16
VisualStudioVersion = 16.0.30611.23
MinimumVisualStudioVersion = 10.0.40219.1
Project("{8BC9CEB8-8B4A-11D0-8D11-00A0C91BC942}") = "Prj04", "Prj04\Prj04.vcxproj", "{59AC3383-70AD-4D96-B000-ACE1A519378C}"
EndProject
Project("{8BC9CEB8-8B4A-11D0-8D11-00A0C91BC942}") = "Prj05", "Prj05\Prj05.vcxproj", "{CF20EE69-1D0B-447C-B60E-6F9988D45B75}"
EndProject
Project("{8BC9CEB8-8B4A-11D0-8D11-00A0C91BC942}") = "Prj06", "Prj06\Prj06.vcxproj", "{19D88297-8448-4FFD-8107-005FD57A5908}"
EndProject
Project("{8BC9CEB8-8B4A-11D0-8D11-00A0C91BC942}") = "Prj07", "Prj07\Prj07.vcxproj", "{F1D980EF-EFAB-440A-B185-AF6580FB1004}"
EndProject
Project("{8BC9CEB8-8B4A-11D0-8D11-00A0C91BC942}") = "Prj01", "Prj01\Prj01.vcxproj", "{329CF275-A808-427C-A55D-62E2C1E5CF30}"
EndProject
Project("{8BC9CEB8-8B4A-11D0-8D11-00A0C91BC942}") = "Prj02", "Prj02\Prj02.vcxproj", "{FFC68D81-D8ED-46DA-BE9E-633045268FA2}"
EndProject
Project("{8BC9CEB8-8B4A-11D0-8D11-00A0C91BC942}") = "Prj03", "Ptr03\Ptr03.vcxproj", "{6C2C6F3A-6980-40CA-8299-9330E470A7D2}"
EndProject
Project("{8BC9CEB8-8B4A-11D0-8D11-00A0C91BC942}") = "Lab01", "Lab01\Lab01.vcxproj", "{A062DB68-37EB-4D09-A792-94E2EB3BBA91}"
EndProject
Project("{8BC9CEB8-8B4A-11D0-8D11-00A0C91BC942}") = "Lab02", "Lab02\Lab02.vcxproj", "{629C913C-1D0F-4C5B-9B35-179B96AA92E7}"
EndProject
Project("{8BC9CEB8-8B4A-11D0-8D11-00A0C91BC942}") = "Lab03", "Lab03\Lab03.vcxproj", "{CCDCEABD-E54A-4D2B-AAB3-0E792F2882D1}"
EndProject
Project("{8BC9CEB8-8B4A-11D0-8D11-00A0C91BC942}") = "Prj08", "Prj08\Prj08.vcxproj", "{DD428695-2CEB-431A-B05B-06E3F169842B}"
EndProject
Project("{8BC9CEB8-8B4A-11D0-8D11-00A0C91BC942}") = "Prj09", "Prj09\Prj09.vcxproj", "{39103DB5-183B-48FF-A802-50662D827241}"
EndProject
Project("{8BC9CEB8-8B4A-11D0-8D11-00A0C91BC942}") = "Prj10", "Prj10\Prj10.vcxproj", "{BC29695C-5545-4138-BD73-043EA8C7A192}"
EndProject
Project("{8BC9CEB8-8B4A-11D0-8D11-00A0C91BC942}") = "test", "test\test.vcxproj", "{3FF311A6-2E74-400B-8E99-EB1221AB5FBE}"
EndProject
Global
	GlobalSection(SolutionConfigurationPlatforms) = preSolution
		Debug|x64 = Debug|x64
		Debug|x86 = Debug|x86
		Release|x64 = Release|x64
		Release|x86 = Release|x86
	EndGlobalSection
	GlobalSection(ProjectConfigurationPlatforms) = postSolution
		{59AC3383-70AD-4D96-B000-ACE1A519378C}.Debug|x64.ActiveCfg = Debug|x64
		{59AC3383-70AD-4D96-B000-ACE1A519378C}.Debug|x64.Build.0 = Debug|x64
		{59AC3383-70AD-4D96-B000-ACE1A519378C}.Debug|x86.ActiveCfg = Debug|Win32
		{59AC3383-70AD-4D96-B000-ACE1A519378C}.Debug|x86.Build.0 = Debug|Win32
		{59AC3383-70AD-4D96-B000-ACE1A519378C}.Release|x64.ActiveCfg = Release|x64
		{59AC3383-70AD-4D96-B000-ACE1A519378C}.Release|x64.Build.0 = Release|x64
		{59AC3383-70AD-4D96-B000-ACE1A519378C}.Release|x86.ActiveCfg = Release|Win32
		{59AC3383-70AD-4D96-B000-ACE1A519378C}.Release|x86.Build.0 = Release|Win32
		{CF20EE69-1D0B-447C-B60E-6F9988D45B75}.Debug|x64.ActiveCfg = Debug|x64
		{CF20EE69-1D0B-447C-B60E-6F9988D45B75}.Debug|x64.Build.0 = Debug|x64
		{CF20EE69-1D0B-447C-B60E-6F9988D45B75}.Debug|x86.ActiveCfg = Debug|Win32
		{CF20EE69-1D0B-447C-B60E-6F9988D45B75}.Debug|x86.Build.0 = Debug|Win32
		{CF20EE69-1D0B-447C-B60E-6F9988D45B75}.Release|x64.ActiveCfg = Release|x64
		{CF20EE69-1D0B-447C-B60E-6F9988D45B75}.Release|x64.Build.0 = Release|x64
		{CF20EE69-1D0B-447C-B60E-6F9988D45B75}.Release|x86.ActiveCfg = Release|Win32
		{CF20EE69-1D0B-447C-B60E-6F9988D45B75}.Release|x86.Build.0 = Release|Win32
		{19D88297-8448-4FFD-8107-005FD57A5908}.Debug|x64.ActiveCfg = Debug|x64
		{19D88297-8448-4FFD-8107-005FD57A5908}.Debug|x64.Build.0 = Debug|x64
		{19D88297-8448-4FFD-8107-005FD57A5908}.Debug|x86.ActiveCfg = Debug|Win32
		{19D88297-8448-4FFD-8107-005FD57A5908}.Debug|x86.Build.0 = Debug|Win32
		{19D88297-8448-4FFD-8107-005FD57A5908}.Release|x64.ActiveCfg = Release|x64
		{19D88297-8448-4FFD-8107-005FD57A5908}.Release|x64.Build.0 = Release|x64
		{19D88297-8448-4FFD-8107-005FD57A5908}.Release|x86.ActiveCfg = Release|Win32
		{19D88297-8448-4FFD-8107-005FD57A5908}.Release|x86.Build.0 = Release|Win32
		{F1D980EF-EFAB-440A-B185-AF6580FB1004}.Debug|x64.ActiveCfg = Debug|x64
		{F1D980EF-EFAB-440A-B185-AF6580FB1004}.Debug|x64.Build.0 = Debug|x64
		{F1D980EF-EFAB-440A-B185-AF6580FB1004}.Debug|x86.ActiveCfg = Debug|Win32
		{F1D980EF-EFAB-440A-B185-AF6580FB1004}.Debug|x86.Build.0 = Debug|Win32
		{F1D980EF-EFAB-440A-B185-AF6580FB1004}.Release|x64.ActiveCfg = Release|x64
		{F1D980EF-EFAB-440A-B185-AF6580FB1004}.Release|x64.Build.0 = Release|x64
		{F1D980EF-EFAB-440A-B185-AF6580FB1004}.Release|x86.ActiveCfg = Release|Win32
		{F1D980EF-EFAB-440A-B185-AF6580FB1004}.Release|x86.Build.0 = Release|Win32
		{329CF275-A808-427C-A55D-62E2C1E5CF30}.Debug|x64.ActiveCfg = Debug|x64
		{329CF275-A808-427C-A55D-62E2C1E5CF30}.Debug|x64.Build.0 = Debug|x64
		{329CF275-A808-427C-A55D-62E2C1E5CF30}.Debug|x86.ActiveCfg = Debug|Win32
		{329CF275-A808-427C-A55D-62E2C1E5CF30}.Debug|x86.Build.0 = Debug|Win32
		{329CF275-A808-427C-A55D-62E2C1E5CF30}.Release|x64.ActiveCfg = Release|x64
		{329CF275-A808-427C-A55D-62E2C1E5CF30}.Release|x64.Build.0 = Release|x64
		{329CF275-A808-427C-A55D-62E2C1E5CF30}.Release|x86.ActiveCfg = Release|Win32
		{329CF275-A808-427C-A55D-62E2C1E5CF30}.Release|x86.Build.0 = Release|Win32
		{FFC68D81-D8ED-46DA-BE9E-633045268FA2}.Debug|x64.ActiveCfg = Debug|x64
		{FFC68D81-D8ED-46DA-BE9E-633045268FA2}.Debug|x64.Build.0 = Debug|x64
		{FFC68D81-D8ED-46DA-BE9E-633045268FA2}.Debug|x86.ActiveCfg = Debug|Win32
		{FFC68D81-D8ED-46DA-BE9E-633045268FA2}.Debug|x86.Build.0 = Debug|Win32
		{FFC68D81-D8ED-46DA-BE9E-633045268FA2}.Release|x64.ActiveCfg = Release|x64
		{FFC68D81-D8ED-46DA-BE9E-633045268FA2}.Release|x64.Build.0 = Release|x64
		{FFC68D81-D8ED-46DA-BE9E-633045268FA2}.Release|x86.ActiveCfg = Release|Win32
		{FFC68D81-D8ED-46DA-BE9E-633045268FA2}.Release|x86.Build.0 = Release|Win32
		{6C2C6F3A-6980-40CA-8299-9330E470A7D2}.Debug|x64.ActiveCfg = Debug|x64
		{6C2C6F3A-6980-40CA-8299-9330E470A7D2}.Debug|x64.Build.0 = Debug|x64
		{6C2C6F3A-6980-40CA-8299-9330E470A7D2}.Debug|x86.ActiveCfg = Debug|Win32
		{6C2C6F3A-6980-40CA-8299-9330E470A7D2}.Debug|x86.Build.0 = Debug|Win32
		{6C2C6F3A-6980-40CA-8299-9330E470A7D2}.Release|x64.ActiveCfg = Release|x64
		{6C2C6F3A-6980-40CA-8299-9330E470A7D2}.Release|x64.Build.0 = Release|x64
		{6C2C6F3A-6980-40CA-8299-9330E470A7D2}.Release|x86.ActiveCfg = Release|Win32
		{6C2C6F3A-6980-40CA-8299-9330E470A7D2}.Release|x86.Build.0 = Release|Win32
		{A062DB68-37EB-4D09-A792-94E2EB3BBA91}.Debug|x64.ActiveCfg = Debug|x64
		{A062DB68-37EB-4D09-A792-94E2EB3BBA91}.Debug|x64.Build.0 = Debug|x64
		{A062DB68-37EB-4D09-A792-94E2EB3BBA91}.Debug|x86.ActiveCfg = Debug|Win32
		{A062DB68-37EB-4D09-A792-94E2EB3BBA91}.Debug|x86.Build.0 = Debug|Win32
		{A062DB68-37EB-4D09-A792-94E2EB3BBA91}.Release|x64.ActiveCfg = Release|x64
		{A062DB68-37EB-4D09-A792-94E2EB3BBA91}.Release|x64.Build.0 = Release|x64
		{A062DB68-37EB-4D09-A792-94E2EB3BBA91}.Release|x86.ActiveCfg = Release|Win32
		{A062DB68-37EB-4D09-A792-94E2EB3BBA91}.Release|x86.Build.0 = Release|Win32
		{629C913C-1D0F-4C5B-9B35-179B96AA92E7}.Debug|x64.ActiveCfg = Debug|x64
		{629C913C-1D0F-4C5B-9B35-179B96AA92E7}.Debug|x64.Build.0 = Debug|x64
		{629C913C-1D0F-4C5B-9B35-179B96AA92E7}.Debug|x86.ActiveCfg = Debug|Win32
		{629C913C-1D0F-4C5B-9B35-179B96AA92E7}.Debug|x86.Build.0 = Debug|Win32
		{629C913C-1D0F-4C5B-9B35-179B96AA92E7}.Release|x64.ActiveCfg = Release|x64
		{629C913C-1D0F-4C5B-9B35-179B96AA92E7}.Release|x64.Build.0 = Release|x64
		{629C913C-1D0F-4C5B-9B35-179B96AA92E7}.Release|x86.ActiveCfg = Release|Win32
		{629C913C-1D0F-4C5B-9B35-179B96AA92E7}.Release|x86.Build.0 = Release|Win32
		{CCDCEABD-E54A-4D2B-AAB3-0E792F2882D1}.Debug|x64.ActiveCfg = Debug|x64
		{CCDCEABD-E54A-4D2B-AAB3-0E792F2882D1}.Debug|x64.Build.0 = Debug|x64
		{CCDCEABD-E54A-4D2B-AAB3-0E792F2882D1}.Debug|x86.ActiveCfg = Debug|Win32
		{CCDCEABD-E54A-4D2B-AAB3-0E792F2882D1}.Debug|x86.Build.0 = Debug|Win32
		{CCDCEABD-E54A-4D2B-AAB3-0E792F2882D1}.Release|x64.ActiveCfg = Release|x64
		{CCDCEABD-E54A-4D2B-AAB3-0E792F2882D1}.Release|x64.Build.0 = Release|x64
		{CCDCEABD-E54A-4D2B-AAB3-0E792F2882D1}.Release|x86.ActiveCfg = Release|Win32
		{CCDCEABD-E54A-4D2B-AAB3-0E792F2882D1}.Release|x86.Build.0 = Release|Win32
		{DD428695-2CEB-431A-B05B-06E3F169842B}.Debug|x64.ActiveCfg = Debug|x64
		{DD428695-2CEB-431A-B05B-06E3F169842B}.Debug|x64.Build.0 = Debug|x64
		{DD428695-2CEB-431A-B05B-06E3F169842B}.Debug|x86.ActiveCfg = Debug|Win32
		{DD428695-2CEB-431A-B05B-06E3F169842B}.Debug|x86.Build.0 = Debug|Win32
		{DD428695-2CEB-431A-B05B-06E3F169842B}.Release|x64.ActiveCfg = Release|x64
		{DD428695-2CEB-431A-B05B-06E3F169842B}.Release|x64.Build.0 = Release|x64
		{DD428695-2CEB-431A-B05B-06E3F169842B}.Release|x86.ActiveCfg = Release|Win32
		{DD428695-2CEB-431A-B05B-06E3F169842B}.Release|x86.Build.0 = Release|Win32
		{39103DB5-183B-48FF-A802-50662D827241}.Debug|x64.ActiveCfg = Debug|x64
		{39103DB5-183B-48FF-A802-50662D827241}.Debug|x64.Build.0 = Debug|x64
		{39103DB5-183B-48FF-A802-50662D827241}.Debug|x86.ActiveCfg = Debug|Win32
		{39103DB5-183B-48FF-A802-50662D827241}.Debug|x86.Build.0 = Debug|Win32
		{39103DB5-183B-48FF-A802-50662D827241}.Release|x64.ActiveCfg = Release|x64
		{39103DB5-183B-48FF-A802-50662D827241}.Release|x64.Build.0 = Release|x64
		{39103DB5-183B-48FF-A802-50662D827241}.Release|x86.ActiveCfg = Release|Win32
		{39103DB5-183B-48FF-A802-50662D827241}.Release|x86.Build.0 = Release|Win32
		{BC29695C-5545-4138-BD73-043EA8C7A192}.Debug|x64.ActiveCfg = Debug|x64
		{BC29695C-5545-4138-BD73-043EA8C7A192}.Debug|x64.Build.0 = Debug|x64
		{BC29695C-5545-4138-BD73-043EA8C7A192}.Debug|x86.ActiveCfg = Debug|Win32
		{BC29695C-5545-4138-BD73-043EA8C7A192}.Debug|x86.Build.0 = Debug|Win32
		{BC29695C-5545-4138-BD73-043EA8C7A192}.Release|x64.ActiveCfg = Release|x64
		{BC29695C-5545-4138-BD73-043EA8C7A192}.Release|x64.Build.0 = Release|x64
		{BC29695C-5545-4138-BD73-043EA8C7A192}.Release|x86.ActiveCfg = Release|Win32
		{BC29695C-5545-4138-BD73-043EA8C7A192}.Release|x86.Build.0 = Release|Win32
		{3FF311A6-2E74-400B-8E99-EB1221AB5FBE}.Debug|x64.ActiveCfg = Debug|x64
		{3FF311A6-2E74-400B-8E99-EB1221AB5FBE}.Debug|x64.Build.0 = Debug|x64
		{3FF311A6-2E74-400B-8E99-EB1221AB5FBE}.Debug|x86.ActiveCfg = Debug|Win32
		{3FF311A6-2E74-400B-8E99-EB1221AB5FBE}.Debug|x86.Build.0 = Debug|Win32
		{3FF311A6-2E74-400B-8E99-EB1221AB5FBE}.Release|x64.ActiveCfg = Release|x64
		{3FF311A6-2E74-400B-8E99-EB1221AB5FBE}.Release|x64.Build.0 = Release|x64
		{3FF311A6-2E74-400B-8E99-EB1221AB5FBE}.Release|x86.ActiveCfg = Release|Win32
		{3FF311A6-2E74-400B-8E99-EB1221AB5FBE}.Release|x86.Build.0 = Release|Win32
	EndGlobalSection
	GlobalSection(SolutionProperties) = preSolution
		HideSolutionNode = FALSE
	EndGlobalSection
	GlobalSection(ExtensibilityGlobals) = postSolution
		SolutionGuid = {E313D6AB-E788-4243-8287-0ACA4344D2EF}
	EndGlobalSection
EndGlobal
