
Microsoft Visual Studio Solution File, Format Version 12.00
# Visual Studio Version 16
VisualStudioVersion = 16.0.30611.23
MinimumVisualStudioVersion = 10.0.40219.1
Project("{8BC9CEB8-8B4A-11D0-8D11-00A0C91BC942}") = "Prj04", "Prj04\Prj04.vcxproj", "{8F21A1A9-F12F-43C1-AC22-0DA9A125F896}"
EndProject
Project("{8BC9CEB8-8B4A-11D0-8D11-00A0C91BC942}") = "Prj06", "Prj06\Prj06.vcxproj", "{2EB7E73A-3FC0-464E-AFBF-819E710990D4}"
EndProject
Project("{8BC9CEB8-8B4A-11D0-8D11-00A0C91BC942}") = "Prj07", "Prj07\Prj07.vcxproj", "{8095A7C7-5316-4679-BE4A-DA5F1E6A7B3A}"
EndProject
Project("{8BC9CEB8-8B4A-11D0-8D11-00A0C91BC942}") = "Prj09", "Prj09\Prj09.vcxproj", "{3CFB4608-95E4-4E06-BAFE-E5D59417033B}"
EndProject
Project("{8BC9CEB8-8B4A-11D0-8D11-00A0C91BC942}") = "Prj01", "Prj01\Prj01.vcxproj", "{A7688FDC-2059-4205-9C1E-529BE6628C3A}"
EndProject
Project("{8BC9CEB8-8B4A-11D0-8D11-00A0C91BC942}") = "Prj02", "Prj02\Prj02.vcxproj", "{9290B3C6-557F-4AFD-B664-4A526DA7C1C4}"
EndProject
Project("{8BC9CEB8-8B4A-11D0-8D11-00A0C91BC942}") = "Prj03", "Prj03\Prj03.vcxproj", "{C8B0283E-D166-46B5-AC42-414A6A1BB0FD}"
EndProject
Project("{8BC9CEB8-8B4A-11D0-8D11-00A0C91BC942}") = "Prj05", "Prj05\Prj05.vcxproj", "{624770C8-30B9-4083-89F6-8704FAC1A824}"
EndProject
Project("{8BC9CEB8-8B4A-11D0-8D11-00A0C91BC942}") = "Prj08", "Prj08\Prj08.vcxproj", "{546C5A65-0A47-4C9F-8B45-4BE11AD50919}"
EndProject
Project("{8BC9CEB8-8B4A-11D0-8D11-00A0C91BC942}") = "test", "test\test.vcxproj", "{8AC3A455-C613-43A2-812E-0298993BFFA2}"
EndProject
Project("{8BC9CEB8-8B4A-11D0-8D11-00A0C91BC942}") = "Prj10", "Prj10\Prj10.vcxproj", "{66CBC7B3-45EA-414D-80D4-438754F52784}"
EndProject
Project("{8BC9CEB8-8B4A-11D0-8D11-00A0C91BC942}") = "Prj11", "Prj11\Prj11.vcxproj", "{EF579DCA-F96F-49AC-93CF-C54EC13AB056}"
EndProject
Project("{8BC9CEB8-8B4A-11D0-8D11-00A0C91BC942}") = "Prj12", "Prj12\Prj12.vcxproj", "{DB94D10E-DEEE-422E-8A2E-E5C55A8CC195}"
EndProject
Project("{8BC9CEB8-8B4A-11D0-8D11-00A0C91BC942}") = "Prj13", "Prj13\Prj13.vcxproj", "{13990967-EC17-42C8-A9CF-5CC413072494}"
EndProject
Project("{8BC9CEB8-8B4A-11D0-8D11-00A0C91BC942}") = "Lab01", "Lab01\Lab01.vcxproj", "{DB0E1750-711F-4B55-97D0-F7E2EEF54885}"
EndProject
Project("{8BC9CEB8-8B4A-11D0-8D11-00A0C91BC942}") = "Lab02", "Lab02\Lab02.vcxproj", "{75843C7C-B2BB-4B60-99D8-AD18EC47DD2D}"
EndProject
Project("{8BC9CEB8-8B4A-11D0-8D11-00A0C91BC942}") = "Lab03", "Lab03\Lab03.vcxproj", "{9F2792A5-1E56-4FBE-8FCD-FED20E58D1AC}"
EndProject
Project("{8BC9CEB8-8B4A-11D0-8D11-00A0C91BC942}") = "Lab04", "Lab04\Lab04.vcxproj", "{D7FB700F-AB42-47F7-BFAE-7E19DEA9105A}"
EndProject
Global
	GlobalSection(SolutionConfigurationPlatforms) = preSolution
		Debug|x64 = Debug|x64
		Debug|x86 = Debug|x86
		Release|x64 = Release|x64
		Release|x86 = Release|x86
	EndGlobalSection
	GlobalSection(ProjectConfigurationPlatforms) = postSolution
		{8F21A1A9-F12F-43C1-AC22-0DA9A125F896}.Debug|x64.ActiveCfg = Debug|x64
		{8F21A1A9-F12F-43C1-AC22-0DA9A125F896}.Debug|x64.Build.0 = Debug|x64
		{8F21A1A9-F12F-43C1-AC22-0DA9A125F896}.Debug|x86.ActiveCfg = Debug|Win32
		{8F21A1A9-F12F-43C1-AC22-0DA9A125F896}.Debug|x86.Build.0 = Debug|Win32
		{8F21A1A9-F12F-43C1-AC22-0DA9A125F896}.Release|x64.ActiveCfg = Release|x64
		{8F21A1A9-F12F-43C1-AC22-0DA9A125F896}.Release|x64.Build.0 = Release|x64
		{8F21A1A9-F12F-43C1-AC22-0DA9A125F896}.Release|x86.ActiveCfg = Release|Win32
		{8F21A1A9-F12F-43C1-AC22-0DA9A125F896}.Release|x86.Build.0 = Release|Win32
		{2EB7E73A-3FC0-464E-AFBF-819E710990D4}.Debug|x64.ActiveCfg = Debug|x64
		{2EB7E73A-3FC0-464E-AFBF-819E710990D4}.Debug|x64.Build.0 = Debug|x64
		{2EB7E73A-3FC0-464E-AFBF-819E710990D4}.Debug|x86.ActiveCfg = Debug|Win32
		{2EB7E73A-3FC0-464E-AFBF-819E710990D4}.Debug|x86.Build.0 = Debug|Win32
		{2EB7E73A-3FC0-464E-AFBF-819E710990D4}.Release|x64.ActiveCfg = Release|x64
		{2EB7E73A-3FC0-464E-AFBF-819E710990D4}.Release|x64.Build.0 = Release|x64
		{2EB7E73A-3FC0-464E-AFBF-819E710990D4}.Release|x86.ActiveCfg = Release|Win32
		{2EB7E73A-3FC0-464E-AFBF-819E710990D4}.Release|x86.Build.0 = Release|Win32
		{8095A7C7-5316-4679-BE4A-DA5F1E6A7B3A}.Debug|x64.ActiveCfg = Debug|x64
		{8095A7C7-5316-4679-BE4A-DA5F1E6A7B3A}.Debug|x64.Build.0 = Debug|x64
		{8095A7C7-5316-4679-BE4A-DA5F1E6A7B3A}.Debug|x86.ActiveCfg = Debug|Win32
		{8095A7C7-5316-4679-BE4A-DA5F1E6A7B3A}.Debug|x86.Build.0 = Debug|Win32
		{8095A7C7-5316-4679-BE4A-DA5F1E6A7B3A}.Release|x64.ActiveCfg = Release|x64
		{8095A7C7-5316-4679-BE4A-DA5F1E6A7B3A}.Release|x64.Build.0 = Release|x64
		{8095A7C7-5316-4679-BE4A-DA5F1E6A7B3A}.Release|x86.ActiveCfg = Release|Win32
		{8095A7C7-5316-4679-BE4A-DA5F1E6A7B3A}.Release|x86.Build.0 = Release|Win32
		{3CFB4608-95E4-4E06-BAFE-E5D59417033B}.Debug|x64.ActiveCfg = Debug|x64
		{3CFB4608-95E4-4E06-BAFE-E5D59417033B}.Debug|x64.Build.0 = Debug|x64
		{3CFB4608-95E4-4E06-BAFE-E5D59417033B}.Debug|x86.ActiveCfg = Debug|Win32
		{3CFB4608-95E4-4E06-BAFE-E5D59417033B}.Debug|x86.Build.0 = Debug|Win32
		{3CFB4608-95E4-4E06-BAFE-E5D59417033B}.Release|x64.ActiveCfg = Release|x64
		{3CFB4608-95E4-4E06-BAFE-E5D59417033B}.Release|x64.Build.0 = Release|x64
		{3CFB4608-95E4-4E06-BAFE-E5D59417033B}.Release|x86.ActiveCfg = Release|Win32
		{3CFB4608-95E4-4E06-BAFE-E5D59417033B}.Release|x86.Build.0 = Release|Win32
		{A7688FDC-2059-4205-9C1E-529BE6628C3A}.Debug|x64.ActiveCfg = Debug|x64
		{A7688FDC-2059-4205-9C1E-529BE6628C3A}.Debug|x64.Build.0 = Debug|x64
		{A7688FDC-2059-4205-9C1E-529BE6628C3A}.Debug|x86.ActiveCfg = Debug|Win32
		{A7688FDC-2059-4205-9C1E-529BE6628C3A}.Debug|x86.Build.0 = Debug|Win32
		{A7688FDC-2059-4205-9C1E-529BE6628C3A}.Release|x64.ActiveCfg = Release|x64
		{A7688FDC-2059-4205-9C1E-529BE6628C3A}.Release|x64.Build.0 = Release|x64
		{A7688FDC-2059-4205-9C1E-529BE6628C3A}.Release|x86.ActiveCfg = Release|Win32
		{A7688FDC-2059-4205-9C1E-529BE6628C3A}.Release|x86.Build.0 = Release|Win32
		{9290B3C6-557F-4AFD-B664-4A526DA7C1C4}.Debug|x64.ActiveCfg = Debug|x64
		{9290B3C6-557F-4AFD-B664-4A526DA7C1C4}.Debug|x64.Build.0 = Debug|x64
		{9290B3C6-557F-4AFD-B664-4A526DA7C1C4}.Debug|x86.ActiveCfg = Debug|Win32
		{9290B3C6-557F-4AFD-B664-4A526DA7C1C4}.Debug|x86.Build.0 = Debug|Win32
		{9290B3C6-557F-4AFD-B664-4A526DA7C1C4}.Release|x64.ActiveCfg = Release|x64
		{9290B3C6-557F-4AFD-B664-4A526DA7C1C4}.Release|x64.Build.0 = Release|x64
		{9290B3C6-557F-4AFD-B664-4A526DA7C1C4}.Release|x86.ActiveCfg = Release|Win32
		{9290B3C6-557F-4AFD-B664-4A526DA7C1C4}.Release|x86.Build.0 = Release|Win32
		{C8B0283E-D166-46B5-AC42-414A6A1BB0FD}.Debug|x64.ActiveCfg = Debug|x64
		{C8B0283E-D166-46B5-AC42-414A6A1BB0FD}.Debug|x64.Build.0 = Debug|x64
		{C8B0283E-D166-46B5-AC42-414A6A1BB0FD}.Debug|x86.ActiveCfg = Debug|Win32
		{C8B0283E-D166-46B5-AC42-414A6A1BB0FD}.Debug|x86.Build.0 = Debug|Win32
		{C8B0283E-D166-46B5-AC42-414A6A1BB0FD}.Release|x64.ActiveCfg = Release|x64
		{C8B0283E-D166-46B5-AC42-414A6A1BB0FD}.Release|x64.Build.0 = Release|x64
		{C8B0283E-D166-46B5-AC42-414A6A1BB0FD}.Release|x86.ActiveCfg = Release|Win32
		{C8B0283E-D166-46B5-AC42-414A6A1BB0FD}.Release|x86.Build.0 = Release|Win32
		{624770C8-30B9-4083-89F6-8704FAC1A824}.Debug|x64.ActiveCfg = Debug|x64
		{624770C8-30B9-4083-89F6-8704FAC1A824}.Debug|x64.Build.0 = Debug|x64
		{624770C8-30B9-4083-89F6-8704FAC1A824}.Debug|x86.ActiveCfg = Debug|Win32
		{624770C8-30B9-4083-89F6-8704FAC1A824}.Debug|x86.Build.0 = Debug|Win32
		{624770C8-30B9-4083-89F6-8704FAC1A824}.Release|x64.ActiveCfg = Release|x64
		{624770C8-30B9-4083-89F6-8704FAC1A824}.Release|x64.Build.0 = Release|x64
		{624770C8-30B9-4083-89F6-8704FAC1A824}.Release|x86.ActiveCfg = Release|Win32
		{624770C8-30B9-4083-89F6-8704FAC1A824}.Release|x86.Build.0 = Release|Win32
		{546C5A65-0A47-4C9F-8B45-4BE11AD50919}.Debug|x64.ActiveCfg = Debug|x64
		{546C5A65-0A47-4C9F-8B45-4BE11AD50919}.Debug|x64.Build.0 = Debug|x64
		{546C5A65-0A47-4C9F-8B45-4BE11AD50919}.Debug|x86.ActiveCfg = Debug|Win32
		{546C5A65-0A47-4C9F-8B45-4BE11AD50919}.Debug|x86.Build.0 = Debug|Win32
		{546C5A65-0A47-4C9F-8B45-4BE11AD50919}.Release|x64.ActiveCfg = Release|x64
		{546C5A65-0A47-4C9F-8B45-4BE11AD50919}.Release|x64.Build.0 = Release|x64
		{546C5A65-0A47-4C9F-8B45-4BE11AD50919}.Release|x86.ActiveCfg = Release|Win32
		{546C5A65-0A47-4C9F-8B45-4BE11AD50919}.Release|x86.Build.0 = Release|Win32
		{8AC3A455-C613-43A2-812E-0298993BFFA2}.Debug|x64.ActiveCfg = Debug|x64
		{8AC3A455-C613-43A2-812E-0298993BFFA2}.Debug|x64.Build.0 = Debug|x64
		{8AC3A455-C613-43A2-812E-0298993BFFA2}.Debug|x86.ActiveCfg = Debug|Win32
		{8AC3A455-C613-43A2-812E-0298993BFFA2}.Debug|x86.Build.0 = Debug|Win32
		{8AC3A455-C613-43A2-812E-0298993BFFA2}.Release|x64.ActiveCfg = Release|x64
		{8AC3A455-C613-43A2-812E-0298993BFFA2}.Release|x64.Build.0 = Release|x64
		{8AC3A455-C613-43A2-812E-0298993BFFA2}.Release|x86.ActiveCfg = Release|Win32
		{8AC3A455-C613-43A2-812E-0298993BFFA2}.Release|x86.Build.0 = Release|Win32
		{66CBC7B3-45EA-414D-80D4-438754F52784}.Debug|x64.ActiveCfg = Debug|x64
		{66CBC7B3-45EA-414D-80D4-438754F52784}.Debug|x64.Build.0 = Debug|x64
		{66CBC7B3-45EA-414D-80D4-438754F52784}.Debug|x86.ActiveCfg = Debug|Win32
		{66CBC7B3-45EA-414D-80D4-438754F52784}.Debug|x86.Build.0 = Debug|Win32
		{66CBC7B3-45EA-414D-80D4-438754F52784}.Release|x64.ActiveCfg = Release|x64
		{66CBC7B3-45EA-414D-80D4-438754F52784}.Release|x64.Build.0 = Release|x64
		{66CBC7B3-45EA-414D-80D4-438754F52784}.Release|x86.ActiveCfg = Release|Win32
		{66CBC7B3-45EA-414D-80D4-438754F52784}.Release|x86.Build.0 = Release|Win32
		{EF579DCA-F96F-49AC-93CF-C54EC13AB056}.Debug|x64.ActiveCfg = Debug|x64
		{EF579DCA-F96F-49AC-93CF-C54EC13AB056}.Debug|x64.Build.0 = Debug|x64
		{EF579DCA-F96F-49AC-93CF-C54EC13AB056}.Debug|x86.ActiveCfg = Debug|Win32
		{EF579DCA-F96F-49AC-93CF-C54EC13AB056}.Debug|x86.Build.0 = Debug|Win32
		{EF579DCA-F96F-49AC-93CF-C54EC13AB056}.Release|x64.ActiveCfg = Release|x64
		{EF579DCA-F96F-49AC-93CF-C54EC13AB056}.Release|x64.Build.0 = Release|x64
		{EF579DCA-F96F-49AC-93CF-C54EC13AB056}.Release|x86.ActiveCfg = Release|Win32
		{EF579DCA-F96F-49AC-93CF-C54EC13AB056}.Release|x86.Build.0 = Release|Win32
		{DB94D10E-DEEE-422E-8A2E-E5C55A8CC195}.Debug|x64.ActiveCfg = Debug|x64
		{DB94D10E-DEEE-422E-8A2E-E5C55A8CC195}.Debug|x64.Build.0 = Debug|x64
		{DB94D10E-DEEE-422E-8A2E-E5C55A8CC195}.Debug|x86.ActiveCfg = Debug|Win32
		{DB94D10E-DEEE-422E-8A2E-E5C55A8CC195}.Debug|x86.Build.0 = Debug|Win32
		{DB94D10E-DEEE-422E-8A2E-E5C55A8CC195}.Release|x64.ActiveCfg = Release|x64
		{DB94D10E-DEEE-422E-8A2E-E5C55A8CC195}.Release|x64.Build.0 = Release|x64
		{DB94D10E-DEEE-422E-8A2E-E5C55A8CC195}.Release|x86.ActiveCfg = Release|Win32
		{DB94D10E-DEEE-422E-8A2E-E5C55A8CC195}.Release|x86.Build.0 = Release|Win32
		{13990967-EC17-42C8-A9CF-5CC413072494}.Debug|x64.ActiveCfg = Debug|x64
		{13990967-EC17-42C8-A9CF-5CC413072494}.Debug|x64.Build.0 = Debug|x64
		{13990967-EC17-42C8-A9CF-5CC413072494}.Debug|x86.ActiveCfg = Debug|Win32
		{13990967-EC17-42C8-A9CF-5CC413072494}.Debug|x86.Build.0 = Debug|Win32
		{13990967-EC17-42C8-A9CF-5CC413072494}.Release|x64.ActiveCfg = Release|x64
		{13990967-EC17-42C8-A9CF-5CC413072494}.Release|x64.Build.0 = Release|x64
		{13990967-EC17-42C8-A9CF-5CC413072494}.Release|x86.ActiveCfg = Release|Win32
		{13990967-EC17-42C8-A9CF-5CC413072494}.Release|x86.Build.0 = Release|Win32
		{DB0E1750-711F-4B55-97D0-F7E2EEF54885}.Debug|x64.ActiveCfg = Debug|x64
		{DB0E1750-711F-4B55-97D0-F7E2EEF54885}.Debug|x64.Build.0 = Debug|x64
		{DB0E1750-711F-4B55-97D0-F7E2EEF54885}.Debug|x86.ActiveCfg = Debug|Win32
		{DB0E1750-711F-4B55-97D0-F7E2EEF54885}.Debug|x86.Build.0 = Debug|Win32
		{DB0E1750-711F-4B55-97D0-F7E2EEF54885}.Release|x64.ActiveCfg = Release|x64
		{DB0E1750-711F-4B55-97D0-F7E2EEF54885}.Release|x64.Build.0 = Release|x64
		{DB0E1750-711F-4B55-97D0-F7E2EEF54885}.Release|x86.ActiveCfg = Release|Win32
		{DB0E1750-711F-4B55-97D0-F7E2EEF54885}.Release|x86.Build.0 = Release|Win32
		{75843C7C-B2BB-4B60-99D8-AD18EC47DD2D}.Debug|x64.ActiveCfg = Debug|x64
		{75843C7C-B2BB-4B60-99D8-AD18EC47DD2D}.Debug|x64.Build.0 = Debug|x64
		{75843C7C-B2BB-4B60-99D8-AD18EC47DD2D}.Debug|x86.ActiveCfg = Debug|Win32
		{75843C7C-B2BB-4B60-99D8-AD18EC47DD2D}.Debug|x86.Build.0 = Debug|Win32
		{75843C7C-B2BB-4B60-99D8-AD18EC47DD2D}.Release|x64.ActiveCfg = Release|x64
		{75843C7C-B2BB-4B60-99D8-AD18EC47DD2D}.Release|x64.Build.0 = Release|x64
		{75843C7C-B2BB-4B60-99D8-AD18EC47DD2D}.Release|x86.ActiveCfg = Release|Win32
		{75843C7C-B2BB-4B60-99D8-AD18EC47DD2D}.Release|x86.Build.0 = Release|Win32
		{9F2792A5-1E56-4FBE-8FCD-FED20E58D1AC}.Debug|x64.ActiveCfg = Debug|x64
		{9F2792A5-1E56-4FBE-8FCD-FED20E58D1AC}.Debug|x64.Build.0 = Debug|x64
		{9F2792A5-1E56-4FBE-8FCD-FED20E58D1AC}.Debug|x86.ActiveCfg = Debug|Win32
		{9F2792A5-1E56-4FBE-8FCD-FED20E58D1AC}.Debug|x86.Build.0 = Debug|Win32
		{9F2792A5-1E56-4FBE-8FCD-FED20E58D1AC}.Release|x64.ActiveCfg = Release|x64
		{9F2792A5-1E56-4FBE-8FCD-FED20E58D1AC}.Release|x64.Build.0 = Release|x64
		{9F2792A5-1E56-4FBE-8FCD-FED20E58D1AC}.Release|x86.ActiveCfg = Release|Win32
		{9F2792A5-1E56-4FBE-8FCD-FED20E58D1AC}.Release|x86.Build.0 = Release|Win32
		{D7FB700F-AB42-47F7-BFAE-7E19DEA9105A}.Debug|x64.ActiveCfg = Debug|x64
		{D7FB700F-AB42-47F7-BFAE-7E19DEA9105A}.Debug|x64.Build.0 = Debug|x64
		{D7FB700F-AB42-47F7-BFAE-7E19DEA9105A}.Debug|x86.ActiveCfg = Debug|Win32
		{D7FB700F-AB42-47F7-BFAE-7E19DEA9105A}.Debug|x86.Build.0 = Debug|Win32
		{D7FB700F-AB42-47F7-BFAE-7E19DEA9105A}.Release|x64.ActiveCfg = Release|x64
		{D7FB700F-AB42-47F7-BFAE-7E19DEA9105A}.Release|x64.Build.0 = Release|x64
		{D7FB700F-AB42-47F7-BFAE-7E19DEA9105A}.Release|x86.ActiveCfg = Release|Win32
		{D7FB700F-AB42-47F7-BFAE-7E19DEA9105A}.Release|x86.Build.0 = Release|Win32
	EndGlobalSection
	GlobalSection(SolutionProperties) = preSolution
		HideSolutionNode = FALSE
	EndGlobalSection
	GlobalSection(ExtensibilityGlobals) = postSolution
		SolutionGuid = {8D218138-C34E-4D3A-8E2D-3AAD24F488A3}
	EndGlobalSection
EndGlobal
