
Microsoft Visual Studio Solution File, Format Version 12.00
# Visual Studio Version 16
VisualStudioVersion = 16.0.30611.23
MinimumVisualStudioVersion = 10.0.40219.1
Project("{8BC9CEB8-8B4A-11D0-8D11-00A0C91BC942}") = "Prj01", "Prj01\Prj01.vcxproj", "{32A83F8D-C160-4DBA-9E28-62A1F458875F}"
EndProject
Project("{8BC9CEB8-8B4A-11D0-8D11-00A0C91BC942}") = "Prj02", "Prj02\Prj02.vcxproj", "{5692A9BD-B54A-4EE1-8DBE-1B8A7B84ED8D}"
EndProject
Project("{8BC9CEB8-8B4A-11D0-8D11-00A0C91BC942}") = "Prj03", "Prj03\Prj03.vcxproj", "{5ACB6E13-DF5F-4E5B-993C-66816B425E1A}"
EndProject
Project("{8BC9CEB8-8B4A-11D0-8D11-00A0C91BC942}") = "Prj04", "Prj04\Prj04.vcxproj", "{B5AFA667-EC04-4C6D-986C-A1FF60B0A959}"
EndProject
Project("{8BC9CEB8-8B4A-11D0-8D11-00A0C91BC942}") = "Prj05", "Prj05\Prj05.vcxproj", "{12BD45B2-0717-4025-A7EC-8EF6D3CE45EA}"
EndProject
Project("{8BC9CEB8-8B4A-11D0-8D11-00A0C91BC942}") = "Prj06", "Prj06.c\Prj06.c.vcxproj", "{D25A75F9-B649-49E5-9A9B-941D5E78B340}"
EndProject
Project("{8BC9CEB8-8B4A-11D0-8D11-00A0C91BC942}") = "Prj07", "Prj07\Prj07.vcxproj", "{D270F805-5179-47A9-BF7E-21B2F9F081CD}"
EndProject
Project("{8BC9CEB8-8B4A-11D0-8D11-00A0C91BC942}") = "Prj08", "Prj08\Prj08.vcxproj", "{EDB8A789-3069-475C-851C-CC7895652BCD}"
EndProject
Project("{8BC9CEB8-8B4A-11D0-8D11-00A0C91BC942}") = "Prj09", "Prj09\Prj09.vcxproj", "{C098A305-487B-4601-8EE2-928A747B7A73}"
EndProject
Global
	GlobalSection(SolutionConfigurationPlatforms) = preSolution
		Debug|x64 = Debug|x64
		Debug|x86 = Debug|x86
		Release|x64 = Release|x64
		Release|x86 = Release|x86
	EndGlobalSection
	GlobalSection(ProjectConfigurationPlatforms) = postSolution
		{32A83F8D-C160-4DBA-9E28-62A1F458875F}.Debug|x64.ActiveCfg = Debug|x64
		{32A83F8D-C160-4DBA-9E28-62A1F458875F}.Debug|x64.Build.0 = Debug|x64
		{32A83F8D-C160-4DBA-9E28-62A1F458875F}.Debug|x86.ActiveCfg = Debug|Win32
		{32A83F8D-C160-4DBA-9E28-62A1F458875F}.Debug|x86.Build.0 = Debug|Win32
		{32A83F8D-C160-4DBA-9E28-62A1F458875F}.Release|x64.ActiveCfg = Release|x64
		{32A83F8D-C160-4DBA-9E28-62A1F458875F}.Release|x64.Build.0 = Release|x64
		{32A83F8D-C160-4DBA-9E28-62A1F458875F}.Release|x86.ActiveCfg = Release|Win32
		{32A83F8D-C160-4DBA-9E28-62A1F458875F}.Release|x86.Build.0 = Release|Win32
		{5692A9BD-B54A-4EE1-8DBE-1B8A7B84ED8D}.Debug|x64.ActiveCfg = Debug|x64
		{5692A9BD-B54A-4EE1-8DBE-1B8A7B84ED8D}.Debug|x64.Build.0 = Debug|x64
		{5692A9BD-B54A-4EE1-8DBE-1B8A7B84ED8D}.Debug|x86.ActiveCfg = Debug|Win32
		{5692A9BD-B54A-4EE1-8DBE-1B8A7B84ED8D}.Debug|x86.Build.0 = Debug|Win32
		{5692A9BD-B54A-4EE1-8DBE-1B8A7B84ED8D}.Release|x64.ActiveCfg = Release|x64
		{5692A9BD-B54A-4EE1-8DBE-1B8A7B84ED8D}.Release|x64.Build.0 = Release|x64
		{5692A9BD-B54A-4EE1-8DBE-1B8A7B84ED8D}.Release|x86.ActiveCfg = Release|Win32
		{5692A9BD-B54A-4EE1-8DBE-1B8A7B84ED8D}.Release|x86.Build.0 = Release|Win32
		{5ACB6E13-DF5F-4E5B-993C-66816B425E1A}.Debug|x64.ActiveCfg = Debug|x64
		{5ACB6E13-DF5F-4E5B-993C-66816B425E1A}.Debug|x64.Build.0 = Debug|x64
		{5ACB6E13-DF5F-4E5B-993C-66816B425E1A}.Debug|x86.ActiveCfg = Debug|Win32
		{5ACB6E13-DF5F-4E5B-993C-66816B425E1A}.Debug|x86.Build.0 = Debug|Win32
		{5ACB6E13-DF5F-4E5B-993C-66816B425E1A}.Release|x64.ActiveCfg = Release|x64
		{5ACB6E13-DF5F-4E5B-993C-66816B425E1A}.Release|x64.Build.0 = Release|x64
		{5ACB6E13-DF5F-4E5B-993C-66816B425E1A}.Release|x86.ActiveCfg = Release|Win32
		{5ACB6E13-DF5F-4E5B-993C-66816B425E1A}.Release|x86.Build.0 = Release|Win32
		{B5AFA667-EC04-4C6D-986C-A1FF60B0A959}.Debug|x64.ActiveCfg = Debug|x64
		{B5AFA667-EC04-4C6D-986C-A1FF60B0A959}.Debug|x64.Build.0 = Debug|x64
		{B5AFA667-EC04-4C6D-986C-A1FF60B0A959}.Debug|x86.ActiveCfg = Debug|Win32
		{B5AFA667-EC04-4C6D-986C-A1FF60B0A959}.Debug|x86.Build.0 = Debug|Win32
		{B5AFA667-EC04-4C6D-986C-A1FF60B0A959}.Release|x64.ActiveCfg = Release|x64
		{B5AFA667-EC04-4C6D-986C-A1FF60B0A959}.Release|x64.Build.0 = Release|x64
		{B5AFA667-EC04-4C6D-986C-A1FF60B0A959}.Release|x86.ActiveCfg = Release|Win32
		{B5AFA667-EC04-4C6D-986C-A1FF60B0A959}.Release|x86.Build.0 = Release|Win32
		{12BD45B2-0717-4025-A7EC-8EF6D3CE45EA}.Debug|x64.ActiveCfg = Debug|x64
		{12BD45B2-0717-4025-A7EC-8EF6D3CE45EA}.Debug|x64.Build.0 = Debug|x64
		{12BD45B2-0717-4025-A7EC-8EF6D3CE45EA}.Debug|x86.ActiveCfg = Debug|Win32
		{12BD45B2-0717-4025-A7EC-8EF6D3CE45EA}.Debug|x86.Build.0 = Debug|Win32
		{12BD45B2-0717-4025-A7EC-8EF6D3CE45EA}.Release|x64.ActiveCfg = Release|x64
		{12BD45B2-0717-4025-A7EC-8EF6D3CE45EA}.Release|x64.Build.0 = Release|x64
		{12BD45B2-0717-4025-A7EC-8EF6D3CE45EA}.Release|x86.ActiveCfg = Release|Win32
		{12BD45B2-0717-4025-A7EC-8EF6D3CE45EA}.Release|x86.Build.0 = Release|Win32
		{D25A75F9-B649-49E5-9A9B-941D5E78B340}.Debug|x64.ActiveCfg = Debug|x64
		{D25A75F9-B649-49E5-9A9B-941D5E78B340}.Debug|x64.Build.0 = Debug|x64
		{D25A75F9-B649-49E5-9A9B-941D5E78B340}.Debug|x86.ActiveCfg = Debug|Win32
		{D25A75F9-B649-49E5-9A9B-941D5E78B340}.Debug|x86.Build.0 = Debug|Win32
		{D25A75F9-B649-49E5-9A9B-941D5E78B340}.Release|x64.ActiveCfg = Release|x64
		{D25A75F9-B649-49E5-9A9B-941D5E78B340}.Release|x64.Build.0 = Release|x64
		{D25A75F9-B649-49E5-9A9B-941D5E78B340}.Release|x86.ActiveCfg = Release|Win32
		{D25A75F9-B649-49E5-9A9B-941D5E78B340}.Release|x86.Build.0 = Release|Win32
		{D270F805-5179-47A9-BF7E-21B2F9F081CD}.Debug|x64.ActiveCfg = Debug|x64
		{D270F805-5179-47A9-BF7E-21B2F9F081CD}.Debug|x64.Build.0 = Debug|x64
		{D270F805-5179-47A9-BF7E-21B2F9F081CD}.Debug|x86.ActiveCfg = Debug|Win32
		{D270F805-5179-47A9-BF7E-21B2F9F081CD}.Debug|x86.Build.0 = Debug|Win32
		{D270F805-5179-47A9-BF7E-21B2F9F081CD}.Release|x64.ActiveCfg = Release|x64
		{D270F805-5179-47A9-BF7E-21B2F9F081CD}.Release|x64.Build.0 = Release|x64
		{D270F805-5179-47A9-BF7E-21B2F9F081CD}.Release|x86.ActiveCfg = Release|Win32
		{D270F805-5179-47A9-BF7E-21B2F9F081CD}.Release|x86.Build.0 = Release|Win32
		{EDB8A789-3069-475C-851C-CC7895652BCD}.Debug|x64.ActiveCfg = Debug|x64
		{EDB8A789-3069-475C-851C-CC7895652BCD}.Debug|x64.Build.0 = Debug|x64
		{EDB8A789-3069-475C-851C-CC7895652BCD}.Debug|x86.ActiveCfg = Debug|Win32
		{EDB8A789-3069-475C-851C-CC7895652BCD}.Debug|x86.Build.0 = Debug|Win32
		{EDB8A789-3069-475C-851C-CC7895652BCD}.Release|x64.ActiveCfg = Release|x64
		{EDB8A789-3069-475C-851C-CC7895652BCD}.Release|x64.Build.0 = Release|x64
		{EDB8A789-3069-475C-851C-CC7895652BCD}.Release|x86.ActiveCfg = Release|Win32
		{EDB8A789-3069-475C-851C-CC7895652BCD}.Release|x86.Build.0 = Release|Win32
		{C098A305-487B-4601-8EE2-928A747B7A73}.Debug|x64.ActiveCfg = Debug|x64
		{C098A305-487B-4601-8EE2-928A747B7A73}.Debug|x64.Build.0 = Debug|x64
		{C098A305-487B-4601-8EE2-928A747B7A73}.Debug|x86.ActiveCfg = Debug|Win32
		{C098A305-487B-4601-8EE2-928A747B7A73}.Debug|x86.Build.0 = Debug|Win32
		{C098A305-487B-4601-8EE2-928A747B7A73}.Release|x64.ActiveCfg = Release|x64
		{C098A305-487B-4601-8EE2-928A747B7A73}.Release|x64.Build.0 = Release|x64
		{C098A305-487B-4601-8EE2-928A747B7A73}.Release|x86.ActiveCfg = Release|Win32
		{C098A305-487B-4601-8EE2-928A747B7A73}.Release|x86.Build.0 = Release|Win32
	EndGlobalSection
	GlobalSection(SolutionProperties) = preSolution
		HideSolutionNode = FALSE
	EndGlobalSection
	GlobalSection(ExtensibilityGlobals) = postSolution
		SolutionGuid = {EE656DD8-B0D7-4D21-8EC9-4920544F08D7}
	EndGlobalSection
EndGlobal
