
Microsoft Visual Studio Solution File, Format Version 12.00
# Visual Studio Version 16
VisualStudioVersion = 16.0.30611.23
MinimumVisualStudioVersion = 10.0.40219.1
Project("{8BC9CEB8-8B4A-11D0-8D11-00A0C91BC942}") = "Prj01", "Prj01\Prj01.vcxproj", "{1041F9FC-6F8D-4D0F-A4EF-D42C3F21082E}"
EndProject
Project("{8BC9CEB8-8B4A-11D0-8D11-00A0C91BC942}") = "Prj02", "Prj02\Prj02.vcxproj", "{8E7B215A-EF3D-4704-83F3-71B1C121D271}"
EndProject
Project("{8BC9CEB8-8B4A-11D0-8D11-00A0C91BC942}") = "Prj03", "Prj03\Prj03.vcxproj", "{D3DAB1D6-3E48-4FBA-BB43-4FC98EF17B87}"
EndProject
Project("{8BC9CEB8-8B4A-11D0-8D11-00A0C91BC942}") = "Prj04", "Prj04\Prj04.vcxproj", "{156B22A9-7FDA-4159-99EC-AB8FA84D7A42}"
EndProject
Project("{8BC9CEB8-8B4A-11D0-8D11-00A0C91BC942}") = "Prj05", "Prj05\Prj05.vcxproj", "{BE55A69B-51A2-48B3-8F15-FF60AF644218}"
EndProject
Project("{8BC9CEB8-8B4A-11D0-8D11-00A0C91BC942}") = "Prj06", "Prj06\Prj06.vcxproj", "{0714B13B-4521-4B34-817F-14D934F83405}"
EndProject
Project("{8BC9CEB8-8B4A-11D0-8D11-00A0C91BC942}") = "Prj07", "Prj07\Prj07.vcxproj", "{57E2F5BB-8581-4F71-B179-473CA2946647}"
EndProject
Project("{8BC9CEB8-8B4A-11D0-8D11-00A0C91BC942}") = "Prj08", "Prj08\Prj08.vcxproj", "{E3625874-ADC5-43C8-9DCD-B448CDC3C65B}"
EndProject
Project("{8BC9CEB8-8B4A-11D0-8D11-00A0C91BC942}") = "Prj09", "Prj09\Prj09.vcxproj", "{C608F06A-1331-4E13-94CC-E79AA6BDE5FE}"
EndProject
Project("{8BC9CEB8-8B4A-11D0-8D11-00A0C91BC942}") = "Prj10", "Prj10\Prj10.vcxproj", "{D2C3CA3A-C3D6-4702-9891-B08706023EF6}"
EndProject
Project("{8BC9CEB8-8B4A-11D0-8D11-00A0C91BC942}") = "Prj11", "Prj11\Prj11.vcxproj", "{39824028-D54F-4939-A438-08093FA6A260}"
EndProject
Project("{8BC9CEB8-8B4A-11D0-8D11-00A0C91BC942}") = "Prj12", "Prj12\Prj12.vcxproj", "{51DAF813-187E-4A1E-A2AC-E2C7C6AF79DB}"
EndProject
Project("{8BC9CEB8-8B4A-11D0-8D11-00A0C91BC942}") = "Prj13", "Prj13\Prj13.vcxproj", "{35E1C584-EE2B-4E16-8BFA-E20126D66EAF}"
EndProject
Project("{8BC9CEB8-8B4A-11D0-8D11-00A0C91BC942}") = "Prj14", "Prj14\Prj14.vcxproj", "{A0BD1DB1-7EA9-45F6-8FE3-E82E705D8726}"
EndProject
Project("{8BC9CEB8-8B4A-11D0-8D11-00A0C91BC942}") = "Prj15", "Prj15\Prj15.vcxproj", "{3C6C4494-EE3B-4812-9CF0-132CC8A719D2}"
EndProject
Project("{8BC9CEB8-8B4A-11D0-8D11-00A0C91BC942}") = "Prj16", "Prj16\Prj16.vcxproj", "{2F31138F-6D98-4AA3-AA27-8D6249F2CA7F}"
EndProject
Project("{8BC9CEB8-8B4A-11D0-8D11-00A0C91BC942}") = "Prj17", "Prj17\Prj17.vcxproj", "{E25CD293-AFC1-4D02-A40C-D094B54425F5}"
EndProject
Project("{8BC9CEB8-8B4A-11D0-8D11-00A0C91BC942}") = "Prj18", "Prj18\Prj18.vcxproj", "{C966215A-BB85-470D-8FF4-CE2C2A519DE5}"
EndProject
Project("{8BC9CEB8-8B4A-11D0-8D11-00A0C91BC942}") = "Prj19", "Prj19\Prj19.vcxproj", "{B1D3CDE4-9659-4E15-95EC-8E62117AE572}"
EndProject
Global
	GlobalSection(SolutionConfigurationPlatforms) = preSolution
		Debug|x64 = Debug|x64
		Debug|x86 = Debug|x86
		Release|x64 = Release|x64
		Release|x86 = Release|x86
	EndGlobalSection
	GlobalSection(ProjectConfigurationPlatforms) = postSolution
		{1041F9FC-6F8D-4D0F-A4EF-D42C3F21082E}.Debug|x64.ActiveCfg = Debug|x64
		{1041F9FC-6F8D-4D0F-A4EF-D42C3F21082E}.Debug|x64.Build.0 = Debug|x64
		{1041F9FC-6F8D-4D0F-A4EF-D42C3F21082E}.Debug|x86.ActiveCfg = Debug|Win32
		{1041F9FC-6F8D-4D0F-A4EF-D42C3F21082E}.Debug|x86.Build.0 = Debug|Win32
		{1041F9FC-6F8D-4D0F-A4EF-D42C3F21082E}.Release|x64.ActiveCfg = Release|x64
		{1041F9FC-6F8D-4D0F-A4EF-D42C3F21082E}.Release|x64.Build.0 = Release|x64
		{1041F9FC-6F8D-4D0F-A4EF-D42C3F21082E}.Release|x86.ActiveCfg = Release|Win32
		{1041F9FC-6F8D-4D0F-A4EF-D42C3F21082E}.Release|x86.Build.0 = Release|Win32
		{8E7B215A-EF3D-4704-83F3-71B1C121D271}.Debug|x64.ActiveCfg = Debug|x64
		{8E7B215A-EF3D-4704-83F3-71B1C121D271}.Debug|x64.Build.0 = Debug|x64
		{8E7B215A-EF3D-4704-83F3-71B1C121D271}.Debug|x86.ActiveCfg = Debug|Win32
		{8E7B215A-EF3D-4704-83F3-71B1C121D271}.Debug|x86.Build.0 = Debug|Win32
		{8E7B215A-EF3D-4704-83F3-71B1C121D271}.Release|x64.ActiveCfg = Release|x64
		{8E7B215A-EF3D-4704-83F3-71B1C121D271}.Release|x64.Build.0 = Release|x64
		{8E7B215A-EF3D-4704-83F3-71B1C121D271}.Release|x86.ActiveCfg = Release|Win32
		{8E7B215A-EF3D-4704-83F3-71B1C121D271}.Release|x86.Build.0 = Release|Win32
		{D3DAB1D6-3E48-4FBA-BB43-4FC98EF17B87}.Debug|x64.ActiveCfg = Debug|x64
		{D3DAB1D6-3E48-4FBA-BB43-4FC98EF17B87}.Debug|x64.Build.0 = Debug|x64
		{D3DAB1D6-3E48-4FBA-BB43-4FC98EF17B87}.Debug|x86.ActiveCfg = Debug|Win32
		{D3DAB1D6-3E48-4FBA-BB43-4FC98EF17B87}.Debug|x86.Build.0 = Debug|Win32
		{D3DAB1D6-3E48-4FBA-BB43-4FC98EF17B87}.Release|x64.ActiveCfg = Release|x64
		{D3DAB1D6-3E48-4FBA-BB43-4FC98EF17B87}.Release|x64.Build.0 = Release|x64
		{D3DAB1D6-3E48-4FBA-BB43-4FC98EF17B87}.Release|x86.ActiveCfg = Release|Win32
		{D3DAB1D6-3E48-4FBA-BB43-4FC98EF17B87}.Release|x86.Build.0 = Release|Win32
		{156B22A9-7FDA-4159-99EC-AB8FA84D7A42}.Debug|x64.ActiveCfg = Debug|x64
		{156B22A9-7FDA-4159-99EC-AB8FA84D7A42}.Debug|x64.Build.0 = Debug|x64
		{156B22A9-7FDA-4159-99EC-AB8FA84D7A42}.Debug|x86.ActiveCfg = Debug|Win32
		{156B22A9-7FDA-4159-99EC-AB8FA84D7A42}.Debug|x86.Build.0 = Debug|Win32
		{156B22A9-7FDA-4159-99EC-AB8FA84D7A42}.Release|x64.ActiveCfg = Release|x64
		{156B22A9-7FDA-4159-99EC-AB8FA84D7A42}.Release|x64.Build.0 = Release|x64
		{156B22A9-7FDA-4159-99EC-AB8FA84D7A42}.Release|x86.ActiveCfg = Release|Win32
		{156B22A9-7FDA-4159-99EC-AB8FA84D7A42}.Release|x86.Build.0 = Release|Win32
		{BE55A69B-51A2-48B3-8F15-FF60AF644218}.Debug|x64.ActiveCfg = Debug|x64
		{BE55A69B-51A2-48B3-8F15-FF60AF644218}.Debug|x64.Build.0 = Debug|x64
		{BE55A69B-51A2-48B3-8F15-FF60AF644218}.Debug|x86.ActiveCfg = Debug|Win32
		{BE55A69B-51A2-48B3-8F15-FF60AF644218}.Debug|x86.Build.0 = Debug|Win32
		{BE55A69B-51A2-48B3-8F15-FF60AF644218}.Release|x64.ActiveCfg = Release|x64
		{BE55A69B-51A2-48B3-8F15-FF60AF644218}.Release|x64.Build.0 = Release|x64
		{BE55A69B-51A2-48B3-8F15-FF60AF644218}.Release|x86.ActiveCfg = Release|Win32
		{BE55A69B-51A2-48B3-8F15-FF60AF644218}.Release|x86.Build.0 = Release|Win32
		{0714B13B-4521-4B34-817F-14D934F83405}.Debug|x64.ActiveCfg = Debug|x64
		{0714B13B-4521-4B34-817F-14D934F83405}.Debug|x64.Build.0 = Debug|x64
		{0714B13B-4521-4B34-817F-14D934F83405}.Debug|x86.ActiveCfg = Debug|Win32
		{0714B13B-4521-4B34-817F-14D934F83405}.Debug|x86.Build.0 = Debug|Win32
		{0714B13B-4521-4B34-817F-14D934F83405}.Release|x64.ActiveCfg = Release|x64
		{0714B13B-4521-4B34-817F-14D934F83405}.Release|x64.Build.0 = Release|x64
		{0714B13B-4521-4B34-817F-14D934F83405}.Release|x86.ActiveCfg = Release|Win32
		{0714B13B-4521-4B34-817F-14D934F83405}.Release|x86.Build.0 = Release|Win32
		{57E2F5BB-8581-4F71-B179-473CA2946647}.Debug|x64.ActiveCfg = Debug|x64
		{57E2F5BB-8581-4F71-B179-473CA2946647}.Debug|x64.Build.0 = Debug|x64
		{57E2F5BB-8581-4F71-B179-473CA2946647}.Debug|x86.ActiveCfg = Debug|Win32
		{57E2F5BB-8581-4F71-B179-473CA2946647}.Debug|x86.Build.0 = Debug|Win32
		{57E2F5BB-8581-4F71-B179-473CA2946647}.Release|x64.ActiveCfg = Release|x64
		{57E2F5BB-8581-4F71-B179-473CA2946647}.Release|x64.Build.0 = Release|x64
		{57E2F5BB-8581-4F71-B179-473CA2946647}.Release|x86.ActiveCfg = Release|Win32
		{57E2F5BB-8581-4F71-B179-473CA2946647}.Release|x86.Build.0 = Release|Win32
		{E3625874-ADC5-43C8-9DCD-B448CDC3C65B}.Debug|x64.ActiveCfg = Debug|x64
		{E3625874-ADC5-43C8-9DCD-B448CDC3C65B}.Debug|x64.Build.0 = Debug|x64
		{E3625874-ADC5-43C8-9DCD-B448CDC3C65B}.Debug|x86.ActiveCfg = Debug|Win32
		{E3625874-ADC5-43C8-9DCD-B448CDC3C65B}.Debug|x86.Build.0 = Debug|Win32
		{E3625874-ADC5-43C8-9DCD-B448CDC3C65B}.Release|x64.ActiveCfg = Release|x64
		{E3625874-ADC5-43C8-9DCD-B448CDC3C65B}.Release|x64.Build.0 = Release|x64
		{E3625874-ADC5-43C8-9DCD-B448CDC3C65B}.Release|x86.ActiveCfg = Release|Win32
		{E3625874-ADC5-43C8-9DCD-B448CDC3C65B}.Release|x86.Build.0 = Release|Win32
		{C608F06A-1331-4E13-94CC-E79AA6BDE5FE}.Debug|x64.ActiveCfg = Debug|x64
		{C608F06A-1331-4E13-94CC-E79AA6BDE5FE}.Debug|x64.Build.0 = Debug|x64
		{C608F06A-1331-4E13-94CC-E79AA6BDE5FE}.Debug|x86.ActiveCfg = Debug|Win32
		{C608F06A-1331-4E13-94CC-E79AA6BDE5FE}.Debug|x86.Build.0 = Debug|Win32
		{C608F06A-1331-4E13-94CC-E79AA6BDE5FE}.Release|x64.ActiveCfg = Release|x64
		{C608F06A-1331-4E13-94CC-E79AA6BDE5FE}.Release|x64.Build.0 = Release|x64
		{C608F06A-1331-4E13-94CC-E79AA6BDE5FE}.Release|x86.ActiveCfg = Release|Win32
		{C608F06A-1331-4E13-94CC-E79AA6BDE5FE}.Release|x86.Build.0 = Release|Win32
		{D2C3CA3A-C3D6-4702-9891-B08706023EF6}.Debug|x64.ActiveCfg = Debug|x64
		{D2C3CA3A-C3D6-4702-9891-B08706023EF6}.Debug|x64.Build.0 = Debug|x64
		{D2C3CA3A-C3D6-4702-9891-B08706023EF6}.Debug|x86.ActiveCfg = Debug|Win32
		{D2C3CA3A-C3D6-4702-9891-B08706023EF6}.Debug|x86.Build.0 = Debug|Win32
		{D2C3CA3A-C3D6-4702-9891-B08706023EF6}.Release|x64.ActiveCfg = Release|x64
		{D2C3CA3A-C3D6-4702-9891-B08706023EF6}.Release|x64.Build.0 = Release|x64
		{D2C3CA3A-C3D6-4702-9891-B08706023EF6}.Release|x86.ActiveCfg = Release|Win32
		{D2C3CA3A-C3D6-4702-9891-B08706023EF6}.Release|x86.Build.0 = Release|Win32
		{39824028-D54F-4939-A438-08093FA6A260}.Debug|x64.ActiveCfg = Debug|x64
		{39824028-D54F-4939-A438-08093FA6A260}.Debug|x64.Build.0 = Debug|x64
		{39824028-D54F-4939-A438-08093FA6A260}.Debug|x86.ActiveCfg = Debug|Win32
		{39824028-D54F-4939-A438-08093FA6A260}.Debug|x86.Build.0 = Debug|Win32
		{39824028-D54F-4939-A438-08093FA6A260}.Release|x64.ActiveCfg = Release|x64
		{39824028-D54F-4939-A438-08093FA6A260}.Release|x64.Build.0 = Release|x64
		{39824028-D54F-4939-A438-08093FA6A260}.Release|x86.ActiveCfg = Release|Win32
		{39824028-D54F-4939-A438-08093FA6A260}.Release|x86.Build.0 = Release|Win32
		{51DAF813-187E-4A1E-A2AC-E2C7C6AF79DB}.Debug|x64.ActiveCfg = Debug|x64
		{51DAF813-187E-4A1E-A2AC-E2C7C6AF79DB}.Debug|x64.Build.0 = Debug|x64
		{51DAF813-187E-4A1E-A2AC-E2C7C6AF79DB}.Debug|x86.ActiveCfg = Debug|Win32
		{51DAF813-187E-4A1E-A2AC-E2C7C6AF79DB}.Debug|x86.Build.0 = Debug|Win32
		{51DAF813-187E-4A1E-A2AC-E2C7C6AF79DB}.Release|x64.ActiveCfg = Release|x64
		{51DAF813-187E-4A1E-A2AC-E2C7C6AF79DB}.Release|x64.Build.0 = Release|x64
		{51DAF813-187E-4A1E-A2AC-E2C7C6AF79DB}.Release|x86.ActiveCfg = Release|Win32
		{51DAF813-187E-4A1E-A2AC-E2C7C6AF79DB}.Release|x86.Build.0 = Release|Win32
		{35E1C584-EE2B-4E16-8BFA-E20126D66EAF}.Debug|x64.ActiveCfg = Debug|x64
		{35E1C584-EE2B-4E16-8BFA-E20126D66EAF}.Debug|x64.Build.0 = Debug|x64
		{35E1C584-EE2B-4E16-8BFA-E20126D66EAF}.Debug|x86.ActiveCfg = Debug|Win32
		{35E1C584-EE2B-4E16-8BFA-E20126D66EAF}.Debug|x86.Build.0 = Debug|Win32
		{35E1C584-EE2B-4E16-8BFA-E20126D66EAF}.Release|x64.ActiveCfg = Release|x64
		{35E1C584-EE2B-4E16-8BFA-E20126D66EAF}.Release|x64.Build.0 = Release|x64
		{35E1C584-EE2B-4E16-8BFA-E20126D66EAF}.Release|x86.ActiveCfg = Release|Win32
		{35E1C584-EE2B-4E16-8BFA-E20126D66EAF}.Release|x86.Build.0 = Release|Win32
		{A0BD1DB1-7EA9-45F6-8FE3-E82E705D8726}.Debug|x64.ActiveCfg = Debug|x64
		{A0BD1DB1-7EA9-45F6-8FE3-E82E705D8726}.Debug|x64.Build.0 = Debug|x64
		{A0BD1DB1-7EA9-45F6-8FE3-E82E705D8726}.Debug|x86.ActiveCfg = Debug|Win32
		{A0BD1DB1-7EA9-45F6-8FE3-E82E705D8726}.Debug|x86.Build.0 = Debug|Win32
		{A0BD1DB1-7EA9-45F6-8FE3-E82E705D8726}.Release|x64.ActiveCfg = Release|x64
		{A0BD1DB1-7EA9-45F6-8FE3-E82E705D8726}.Release|x64.Build.0 = Release|x64
		{A0BD1DB1-7EA9-45F6-8FE3-E82E705D8726}.Release|x86.ActiveCfg = Release|Win32
		{A0BD1DB1-7EA9-45F6-8FE3-E82E705D8726}.Release|x86.Build.0 = Release|Win32
		{3C6C4494-EE3B-4812-9CF0-132CC8A719D2}.Debug|x64.ActiveCfg = Debug|x64
		{3C6C4494-EE3B-4812-9CF0-132CC8A719D2}.Debug|x64.Build.0 = Debug|x64
		{3C6C4494-EE3B-4812-9CF0-132CC8A719D2}.Debug|x86.ActiveCfg = Debug|Win32
		{3C6C4494-EE3B-4812-9CF0-132CC8A719D2}.Debug|x86.Build.0 = Debug|Win32
		{3C6C4494-EE3B-4812-9CF0-132CC8A719D2}.Release|x64.ActiveCfg = Release|x64
		{3C6C4494-EE3B-4812-9CF0-132CC8A719D2}.Release|x64.Build.0 = Release|x64
		{3C6C4494-EE3B-4812-9CF0-132CC8A719D2}.Release|x86.ActiveCfg = Release|Win32
		{3C6C4494-EE3B-4812-9CF0-132CC8A719D2}.Release|x86.Build.0 = Release|Win32
		{2F31138F-6D98-4AA3-AA27-8D6249F2CA7F}.Debug|x64.ActiveCfg = Debug|x64
		{2F31138F-6D98-4AA3-AA27-8D6249F2CA7F}.Debug|x64.Build.0 = Debug|x64
		{2F31138F-6D98-4AA3-AA27-8D6249F2CA7F}.Debug|x86.ActiveCfg = Debug|Win32
		{2F31138F-6D98-4AA3-AA27-8D6249F2CA7F}.Debug|x86.Build.0 = Debug|Win32
		{2F31138F-6D98-4AA3-AA27-8D6249F2CA7F}.Release|x64.ActiveCfg = Release|x64
		{2F31138F-6D98-4AA3-AA27-8D6249F2CA7F}.Release|x64.Build.0 = Release|x64
		{2F31138F-6D98-4AA3-AA27-8D6249F2CA7F}.Release|x86.ActiveCfg = Release|Win32
		{2F31138F-6D98-4AA3-AA27-8D6249F2CA7F}.Release|x86.Build.0 = Release|Win32
		{E25CD293-AFC1-4D02-A40C-D094B54425F5}.Debug|x64.ActiveCfg = Debug|x64
		{E25CD293-AFC1-4D02-A40C-D094B54425F5}.Debug|x64.Build.0 = Debug|x64
		{E25CD293-AFC1-4D02-A40C-D094B54425F5}.Debug|x86.ActiveCfg = Debug|Win32
		{E25CD293-AFC1-4D02-A40C-D094B54425F5}.Debug|x86.Build.0 = Debug|Win32
		{E25CD293-AFC1-4D02-A40C-D094B54425F5}.Release|x64.ActiveCfg = Release|x64
		{E25CD293-AFC1-4D02-A40C-D094B54425F5}.Release|x64.Build.0 = Release|x64
		{E25CD293-AFC1-4D02-A40C-D094B54425F5}.Release|x86.ActiveCfg = Release|Win32
		{E25CD293-AFC1-4D02-A40C-D094B54425F5}.Release|x86.Build.0 = Release|Win32
		{C966215A-BB85-470D-8FF4-CE2C2A519DE5}.Debug|x64.ActiveCfg = Debug|x64
		{C966215A-BB85-470D-8FF4-CE2C2A519DE5}.Debug|x64.Build.0 = Debug|x64
		{C966215A-BB85-470D-8FF4-CE2C2A519DE5}.Debug|x86.ActiveCfg = Debug|Win32
		{C966215A-BB85-470D-8FF4-CE2C2A519DE5}.Debug|x86.Build.0 = Debug|Win32
		{C966215A-BB85-470D-8FF4-CE2C2A519DE5}.Release|x64.ActiveCfg = Release|x64
		{C966215A-BB85-470D-8FF4-CE2C2A519DE5}.Release|x64.Build.0 = Release|x64
		{C966215A-BB85-470D-8FF4-CE2C2A519DE5}.Release|x86.ActiveCfg = Release|Win32
		{C966215A-BB85-470D-8FF4-CE2C2A519DE5}.Release|x86.Build.0 = Release|Win32
		{B1D3CDE4-9659-4E15-95EC-8E62117AE572}.Debug|x64.ActiveCfg = Debug|x64
		{B1D3CDE4-9659-4E15-95EC-8E62117AE572}.Debug|x64.Build.0 = Debug|x64
		{B1D3CDE4-9659-4E15-95EC-8E62117AE572}.Debug|x86.ActiveCfg = Debug|Win32
		{B1D3CDE4-9659-4E15-95EC-8E62117AE572}.Debug|x86.Build.0 = Debug|Win32
		{B1D3CDE4-9659-4E15-95EC-8E62117AE572}.Release|x64.ActiveCfg = Release|x64
		{B1D3CDE4-9659-4E15-95EC-8E62117AE572}.Release|x64.Build.0 = Release|x64
		{B1D3CDE4-9659-4E15-95EC-8E62117AE572}.Release|x86.ActiveCfg = Release|Win32
		{B1D3CDE4-9659-4E15-95EC-8E62117AE572}.Release|x86.Build.0 = Release|Win32
	EndGlobalSection
	GlobalSection(SolutionProperties) = preSolution
		HideSolutionNode = FALSE
	EndGlobalSection
	GlobalSection(ExtensibilityGlobals) = postSolution
		SolutionGuid = {B73BEA50-636B-44F7-ACB3-7475DE87F8C6}
	EndGlobalSection
EndGlobal
